// !$*UTF8*$!
{
	archiveVersion = 1;
	classes = {
	};
	objectVersion = 46;
	objects = {

/* Begin PBXBuildFile section */
		4C4B1E841F2461170080FDF3 /* AppDelegate.swift in Sources */ = {isa = PBXBuildFile; fileRef = 4C4B1E831F2461170080FDF3 /* AppDelegate.swift */; };
		4C4B1E861F2461170080FDF3 /* ViewController.swift in Sources */ = {isa = PBXBuildFile; fileRef = 4C4B1E851F2461170080FDF3 /* ViewController.swift */; };
		4C4B1E891F2461170080FDF3 /* Main.storyboard in Resources */ = {isa = PBXBuildFile; fileRef = 4C4B1E871F2461170080FDF3 /* Main.storyboard */; };
		4C4B1E8B1F2461170080FDF3 /* Assets.xcassets in Resources */ = {isa = PBXBuildFile; fileRef = 4C4B1E8A1F2461170080FDF3 /* Assets.xcassets */; };
		4C4B1E8E1F2461170080FDF3 /* LaunchScreen.storyboard in Resources */ = {isa = PBXBuildFile; fileRef = 4C4B1E8C1F2461170080FDF3 /* LaunchScreen.storyboard */; };
		869B7B8CBC4F4D85DB8C6778 /* Pods_SwiftTemplate.framework in Frameworks */ = {isa = PBXBuildFile; fileRef = B2AA7356167D1D510F2346CC /* Pods_SwiftTemplate.framework */; };
/* End PBXBuildFile section */

/* Begin PBXFileReference section */
		4C4B1E801F2461170080FDF3 /* SwiftTemplate.app */ = {isa = PBXFileReference; explicitFileType = wrapper.application; includeInIndex = 0; path = SwiftTemplate.app; sourceTree = BUILT_PRODUCTS_DIR; };
		4C4B1E831F2461170080FDF3 /* AppDelegate.swift */ = {isa = PBXFileReference; lastKnownFileType = sourcecode.swift; path = AppDelegate.swift; sourceTree = "<group>"; };
		4C4B1E851F2461170080FDF3 /* ViewController.swift */ = {isa = PBXFileReference; lastKnownFileType = sourcecode.swift; path = ViewController.swift; sourceTree = "<group>"; };
		4C4B1E881F2461170080FDF3 /* Base */ = {isa = PBXFileReference; lastKnownFileType = file.storyboard; name = Base; path = Base.lproj/Main.storyboard; sourceTree = "<group>"; };
		4C4B1E8A1F2461170080FDF3 /* Assets.xcassets */ = {isa = PBXFileReference; lastKnownFileType = folder.assetcatalog; path = Assets.xcassets; sourceTree = "<group>"; };
		4C4B1E8D1F2461170080FDF3 /* Base */ = {isa = PBXFileReference; lastKnownFileType = file.storyboard; name = Base; path = Base.lproj/LaunchScreen.storyboard; sourceTree = "<group>"; };
		4C4B1E8F1F2461170080FDF3 /* Info.plist */ = {isa = PBXFileReference; lastKnownFileType = text.plist.xml; path = Info.plist; sourceTree = "<group>"; };
		7DB8B0A688FABD721302C43A /* Pods-SwiftTemplate.debug.xcconfig */ = {isa = PBXFileReference; includeInIndex = 1; lastKnownFileType = text.xcconfig; name = "Pods-SwiftTemplate.debug.xcconfig"; path = "Pods/Target Support Files/Pods-SwiftTemplate/Pods-SwiftTemplate.debug.xcconfig"; sourceTree = "<group>"; };
		B2AA7356167D1D510F2346CC /* Pods_SwiftTemplate.framework */ = {isa = PBXFileReference; explicitFileType = wrapper.framework; includeInIndex = 0; path = Pods_SwiftTemplate.framework; sourceTree = BUILT_PRODUCTS_DIR; };
		E06AD43E923FA06B935C7BC8 /* Pods-SwiftTemplate.release.xcconfig */ = {isa = PBXFileReference; includeInIndex = 1; lastKnownFileType = text.xcconfig; name = "Pods-SwiftTemplate.release.xcconfig"; path = "Pods/Target Support Files/Pods-SwiftTemplate/Pods-SwiftTemplate.release.xcconfig"; sourceTree = "<group>"; };
/* End PBXFileReference section */

/* Begin PBXFrameworksBuildPhase section */
		4C4B1E7D1F2461170080FDF3 /* Frameworks */ = {
			isa = PBXFrameworksBuildPhase;
			buildActionMask = 2147483647;
			files = (
				869B7B8CBC4F4D85DB8C6778 /* Pods_SwiftTemplate.framework in Frameworks */,
			);
			runOnlyForDeploymentPostprocessing = 0;
		};
/* End PBXFrameworksBuildPhase section */

/* Begin PBXGroup section */
		4C4B1E771F2461170080FDF3 = {
			isa = PBXGroup;
			children = (
				4C4B1E821F2461170080FDF3 /* SwiftTemplate */,
				4C4B1E811F2461170080FDF3 /* Products */,
				FF5AA5AA56826769571995E5 /* Pods */,
				E46F2E41BD55DA29B05C291B /* Frameworks */,
			);
			sourceTree = "<group>";
		};
		4C4B1E811F2461170080FDF3 /* Products */ = {
			isa = PBXGroup;
			children = (
				4C4B1E801F2461170080FDF3 /* SwiftTemplate.app */,
			);
			name = Products;
			sourceTree = "<group>";
		};
		4C4B1E821F2461170080FDF3 /* SwiftTemplate */ = {
			isa = PBXGroup;
			children = (
				4C4B1E951F2471420080FDF3 /* Cells */,
				4C4B1E961F2471420080FDF3 /* Common */,
				4C4B1E971F2471420080FDF3 /* Extensions */,
				4C4B1E981F2471420080FDF3 /* Modals */,
				4C4B1E991F2471420080FDF3 /* Screens */,
				4C4B1E9A1F2471420080FDF3 /* Services */,
				4C4B1E9B1F2471420080FDF3 /* Storyboards */,
				4C4B1E9C1F2471420080FDF3 /* Utilities */,
				4C4B1E9D1F2471420080FDF3 /* Views */,
				4C4B1E831F2461170080FDF3 /* AppDelegate.swift */,
				4C4B1E851F2461170080FDF3 /* ViewController.swift */,
				4C4B1E871F2461170080FDF3 /* Main.storyboard */,
				4C4B1E8A1F2461170080FDF3 /* Assets.xcassets */,
				4C4B1E8C1F2461170080FDF3 /* LaunchScreen.storyboard */,
				4C4B1E8F1F2461170080FDF3 /* Info.plist */,
			);
			path = SwiftTemplate;
			sourceTree = "<group>";
		};
		4C4B1E951F2471420080FDF3 /* Cells */ = {
			isa = PBXGroup;
			children = (
			);
			path = Cells;
			sourceTree = "<group>";
		};
		4C4B1E961F2471420080FDF3 /* Common */ = {
			isa = PBXGroup;
			children = (
			);
			path = Common;
			sourceTree = "<group>";
		};
		4C4B1E971F2471420080FDF3 /* Extensions */ = {
			isa = PBXGroup;
			children = (
			);
			path = Extensions;
			sourceTree = "<group>";
		};
		4C4B1E981F2471420080FDF3 /* Modals */ = {
			isa = PBXGroup;
			children = (
			);
			path = Modals;
			sourceTree = "<group>";
		};
		4C4B1E991F2471420080FDF3 /* Screens */ = {
			isa = PBXGroup;
			children = (
			);
			path = Screens;
			sourceTree = "<group>";
		};
		4C4B1E9A1F2471420080FDF3 /* Services */ = {
			isa = PBXGroup;
			children = (
			);
			path = Services;
			sourceTree = "<group>";
		};
		4C4B1E9B1F2471420080FDF3 /* Storyboards */ = {
			isa = PBXGroup;
			children = (
			);
			path = Storyboards;
			sourceTree = "<group>";
		};
		4C4B1E9C1F2471420080FDF3 /* Utilities */ = {
			isa = PBXGroup;
			children = (
			);
			path = Utilities;
			sourceTree = "<group>";
		};
		4C4B1E9D1F2471420080FDF3 /* Views */ = {
			isa = PBXGroup;
			children = (
			);
			path = Views;
			sourceTree = "<group>";
		};
		E46F2E41BD55DA29B05C291B /* Frameworks */ = {
			isa = PBXGroup;
			children = (
				B2AA7356167D1D510F2346CC /* Pods_SwiftTemplate.framework */,
			);
			name = Frameworks;
			sourceTree = "<group>";
		};
		FF5AA5AA56826769571995E5 /* Pods */ = {
			isa = PBXGroup;
			children = (
				7DB8B0A688FABD721302C43A /* Pods-SwiftTemplate.debug.xcconfig */,
				E06AD43E923FA06B935C7BC8 /* Pods-SwiftTemplate.release.xcconfig */,
			);
			name = Pods;
			sourceTree = "<group>";
		};
/* End PBXGroup section */

/* Begin PBXNativeTarget section */
		4C4B1E7F1F2461170080FDF3 /* SwiftTemplate */ = {
			isa = PBXNativeTarget;
			buildConfigurationList = 4C4B1E921F2461170080FDF3 /* Build configuration list for PBXNativeTarget "SwiftTemplate" */;
			buildPhases = (
				5192F5EB696D12CACBDD12FB /* [CP] Check Pods Manifest.lock */,
				4C4B1E7C1F2461170080FDF3 /* Sources */,
				4C4B1E7D1F2461170080FDF3 /* Frameworks */,
				4C4B1E7E1F2461170080FDF3 /* Resources */,
				D320BD6DAD8ECDE4805375CA /* [CP] Embed Pods Frameworks */,
				776AD2847BB79FCA2D8FEA9C /* [CP] Copy Pods Resources */,
			);
			buildRules = (
			);
			dependencies = (
			);
			name = SwiftTemplate;
			productName = SwiftTemplate;
			productReference = 4C4B1E801F2461170080FDF3 /* SwiftTemplate.app */;
			productType = "com.apple.product-type.application";
		};
/* End PBXNativeTarget section */

/* Begin PBXProject section */
		4C4B1E781F2461170080FDF3 /* Project object */ = {
			isa = PBXProject;
			attributes = {
				LastSwiftUpdateCheck = 0830;
				LastUpgradeCheck = 0830;
				ORGANIZATIONNAME = "Tran Trung Hieu";
				TargetAttributes = {
					4C4B1E7F1F2461170080FDF3 = {
						CreatedOnToolsVersion = 8.3.3;
						ProvisioningStyle = Automatic;
					};
				};
			};
			buildConfigurationList = 4C4B1E7B1F2461170080FDF3 /* Build configuration list for PBXProject "SwiftTemplate" */;
			compatibilityVersion = "Xcode 3.2";
			developmentRegion = English;
			hasScannedForEncodings = 0;
			knownRegions = (
				en,
				Base,
			);
			mainGroup = 4C4B1E771F2461170080FDF3;
			productRefGroup = 4C4B1E811F2461170080FDF3 /* Products */;
			projectDirPath = "";
			projectRoot = "";
			targets = (
				4C4B1E7F1F2461170080FDF3 /* SwiftTemplate */,
			);
		};
/* End PBXProject section */

/* Begin PBXResourcesBuildPhase section */
		4C4B1E7E1F2461170080FDF3 /* Resources */ = {
			isa = PBXResourcesBuildPhase;
			buildActionMask = 2147483647;
			files = (
				4C4B1E8E1F2461170080FDF3 /* LaunchScreen.storyboard in Resources */,
				4C4B1E8B1F2461170080FDF3 /* Assets.xcassets in Resources */,
				4C4B1E891F2461170080FDF3 /* Main.storyboard in Resources */,
			);
			runOnlyForDeploymentPostprocessing = 0;
		};
/* End PBXResourcesBuildPhase section */

/* Begin PBXShellScriptBuildPhase section */
		5192F5EB696D12CACBDD12FB /* [CP] Check Pods Manifest.lock */ = {
			isa = PBXShellScriptBuildPhase;
			buildActionMask = 2147483647;
			files = (
			);
			inputPaths = (
			);
			name = "[CP] Check Pods Manifest.lock";
			outputPaths = (
			);
			runOnlyForDeploymentPostprocessing = 0;
			shellPath = /bin/sh;
			shellScript = "diff \"${PODS_ROOT}/../Podfile.lock\" \"${PODS_ROOT}/Manifest.lock\" > /dev/null\nif [[ $? != 0 ]] ; then\n    cat << EOM\nerror: The sandbox is not in sync with the Podfile.lock. Run 'pod install' or update your CocoaPods installation.\nEOM\n    exit 1\nfi\n";
			showEnvVarsInLog = 0;
		};
		776AD2847BB79FCA2D8FEA9C /* [CP] Copy Pods Resources */ = {
			isa = PBXShellScriptBuildPhase;
			buildActionMask = 2147483647;
			files = (
			);
			inputPaths = (
			);
			name = "[CP] Copy Pods Resources";
			outputPaths = (
			);
			runOnlyForDeploymentPostprocessing = 0;
			shellPath = /bin/sh;
			shellScript = "\"${SRCROOT}/Pods/Target Support Files/Pods-SwiftTemplate/Pods-SwiftTemplate-resources.sh\"\n";
			showEnvVarsInLog = 0;
		};
		D320BD6DAD8ECDE4805375CA /* [CP] Embed Pods Frameworks */ = {
			isa = PBXShellScriptBuildPhase;
			buildActionMask = 2147483647;
			files = (
			);
			inputPaths = (
			);
			name = "[CP] Embed Pods Frameworks";
			outputPaths = (
			);
			runOnlyForDeploymentPostprocessing = 0;
			shellPath = /bin/sh;
			shellScript = "\"${SRCROOT}/Pods/Target Support Files/Pods-SwiftTemplate/Pods-SwiftTemplate-frameworks.sh\"\n";
			showEnvVarsInLog = 0;
		};
/* End PBXShellScriptBuildPhase section */

/* Begin PBXSourcesBuildPhase section */
		4C4B1E7C1F2461170080FDF3 /* Sources */ = {
			isa = PBXSourcesBuildPhase;
			buildActionMask = 2147483647;
			files = (
				4C4B1E861F2461170080FDF3 /* ViewController.swift in Sources */,
				4C4B1E841F2461170080FDF3 /* AppDelegate.swift in Sources */,
			);
			runOnlyForDeploymentPostprocessing = 0;
		};
/* End PBXSourcesBuildPhase section */

/* Begin PBXVariantGroup section */
		4C4B1E871F2461170080FDF3 /* Main.storyboard */ = {
			isa = PBXVariantGroup;
			children = (
				4C4B1E881F2461170080FDF3 /* Base */,
			);
			name = Main.storyboard;
			sourceTree = "<group>";
		};
		4C4B1E8C1F2461170080FDF3 /* LaunchScreen.storyboard */ = {
			isa = PBXVariantGroup;
			children = (
				4C4B1E8D1F2461170080FDF3 /* Base */,
			);
			name = LaunchScreen.storyboard;
			sourceTree = "<group>";
		};
/* End PBXVariantGroup section */

/* Begin XCBuildConfiguration section */
		4C4B1E901F2461170080FDF3 /* Debug */ = {
			isa = XCBuildConfiguration;
			buildSettings = {
				ALWAYS_SEARCH_USER_PATHS = NO;
				CLANG_ANALYZER_NONNULL = YES;
				CLANG_ANALYZER_NUMBER_OBJECT_CONVERSION = YES_AGGRESSIVE;
				CLANG_CXX_LANGUAGE_STANDARD = "gnu++0x";
				CLANG_CXX_LIBRARY = "libc++";
				CLANG_ENABLE_MODULES = YES;
				CLANG_ENABLE_OBJC_ARC = YES;
				CLANG_WARN_BOOL_CONVERSION = YES;
				CLANG_WARN_CONSTANT_CONVERSION = YES;
				CLANG_WARN_DIRECT_OBJC_ISA_USAGE = YES_ERROR;
				CLANG_WARN_DOCUMENTATION_COMMENTS = YES;
				CLANG_WARN_EMPTY_BODY = YES;
				CLANG_WARN_ENUM_CONVERSION = YES;
				CLANG_WARN_INFINITE_RECURSION = YES;
				CLANG_WARN_INT_CONVERSION = YES;
				CLANG_WARN_OBJC_ROOT_CLASS = YES_ERROR;
				CLANG_WARN_SUSPICIOUS_MOVE = YES;
				CLANG_WARN_UNREACHABLE_CODE = YES;
				CLANG_WARN__DUPLICATE_METHOD_MATCH = YES;
				"CODE_SIGN_IDENTITY[sdk=iphoneos*]" = "iPhone Developer";
				COPY_PHASE_STRIP = NO;
				DEBUG_INFORMATION_FORMAT = dwarf;
				ENABLE_STRICT_OBJC_MSGSEND = YES;
				ENABLE_TESTABILITY = YES;
				GCC_C_LANGUAGE_STANDARD = gnu99;
				GCC_DYNAMIC_NO_PIC = NO;
				GCC_NO_COMMON_BLOCKS = YES;
				GCC_OPTIMIZATION_LEVEL = 0;
				GCC_PREPROCESSOR_DEFINITIONS = (
					"DEBUG=1",
					"$(inherited)",
				);
				GCC_WARN_64_TO_32_BIT_CONVERSION = YES;
				GCC_WARN_ABOUT_RETURN_TYPE = YES_ERROR;
				GCC_WARN_UNDECLARED_SELECTOR = YES;
				GCC_WARN_UNINITIALIZED_AUTOS = YES_AGGRESSIVE;
				GCC_WARN_UNUSED_FUNCTION = YES;
				GCC_WARN_UNUSED_VARIABLE = YES;
				IPHONEOS_DEPLOYMENT_TARGET = 10.3;
				MTL_ENABLE_DEBUG_INFO = YES;
				ONLY_ACTIVE_ARCH = YES;
				SDKROOT = iphoneos;
				SWIFT_ACTIVE_COMPILATION_CONDITIONS = DEBUG;
				SWIFT_OPTIMIZATION_LEVEL = "-Onone";
				TARGETED_DEVICE_FAMILY = "1,2";
			};
			name = Debug;
		};
		4C4B1E911F2461170080FDF3 /* Release */ = {
			isa = XCBuildConfiguration;
			buildSettings = {
				ALWAYS_SEARCH_USER_PATHS = NO;
				CLANG_ANALYZER_NONNULL = YES;
				CLANG_ANALYZER_NUMBER_OBJECT_CONVERSION = YES_AGGRESSIVE;
				CLANG_CXX_LANGUAGE_STANDARD = "gnu++0x";
				CLANG_CXX_LIBRARY = "libc++";
				CLANG_ENABLE_MODULES = YES;
				CLANG_ENABLE_OBJC_ARC = YES;
				CLANG_WARN_BOOL_CONVERSION = YES;
				CLANG_WARN_CONSTANT_CONVERSION = YES;
				CLANG_WARN_DIRECT_OBJC_ISA_USAGE = YES_ERROR;
				CLANG_WARN_DOCUMENTATION_COMMENTS = YES;
				CLANG_WARN_EMPTY_BODY = YES;
				CLANG_WARN_ENUM_CONVERSION = YES;
				CLANG_WARN_INFINITE_RECURSION = YES;
				CLANG_WARN_INT_CONVERSION = YES;
				CLANG_WARN_OBJC_ROOT_CLASS = YES_ERROR;
				CLANG_WARN_SUSPICIOUS_MOVE = YES;
				CLANG_WARN_UNREACHABLE_CODE = YES;
				CLANG_WARN__DUPLICATE_METHOD_MATCH = YES;
				"CODE_SIGN_IDENTITY[sdk=iphoneos*]" = "iPhone Developer";
				COPY_PHASE_STRIP = NO;
				DEBUG_INFORMATION_FORMAT = "dwarf-with-dsym";
				ENABLE_NS_ASSERTIONS = NO;
				ENABLE_STRICT_OBJC_MSGSEND = YES;
				GCC_C_LANGUAGE_STANDARD = gnu99;
				GCC_NO_COMMON_BLOCKS = YES;
				GCC_WARN_64_TO_32_BIT_CONVERSION = YES;
				GCC_WARN_ABOUT_RETURN_TYPE = YES_ERROR;
				GCC_WARN_UNDECLARED_SELECTOR = YES;
				GCC_WARN_UNINITIALIZED_AUTOS = YES_AGGRESSIVE;
				GCC_WARN_UNUSED_FUNCTION = YES;
				GCC_WARN_UNUSED_VARIABLE = YES;
				IPHONEOS_DEPLOYMENT_TARGET = 10.3;
				MTL_ENABLE_DEBUG_INFO = NO;
				SDKROOT = iphoneos;
				SWIFT_OPTIMIZATION_LEVEL = "-Owholemodule";
				TARGETED_DEVICE_FAMILY = "1,2";
				VALIDATE_PRODUCT = YES;
			};
			name = Release;
		};
		4C4B1E931F2461170080FDF3 /* Debug */ = {
			isa = XCBuildConfiguration;
			baseConfigurationReference = 7DB8B0A688FABD721302C43A /* Pods-SwiftTemplate.debug.xcconfig */;
			buildSettings = {
				ASSETCATALOG_COMPILER_APPICON_NAME = AppIcon;
				INFOPLIST_FILE = SwiftTemplate/Info.plist;
				LD_RUNPATH_SEARCH_PATHS = "$(inherited) @executable_path/Frameworks";
				PRODUCT_BUNDLE_IDENTIFIER = psg.xyz.abc.SwiftTemplate;
				PRODUCT_NAME = "$(TARGET_NAME)";
				SWIFT_VERSION = 3.0;
			};
			name = Debug;
		};
		4C4B1E941F2461170080FDF3 /* Release */ = {
			isa = XCBuildConfiguration;
			baseConfigurationReference = E06AD43E923FA06B935C7BC8 /* Pods-SwiftTemplate.release.xcconfig */;
			buildSettings = {
				ASSETCATALOG_COMPILER_APPICON_NAME = AppIcon;
				INFOPLIST_FILE = SwiftTemplate/Info.plist;
				LD_RUNPATH_SEARCH_PATHS = "$(inherited) @executable_path/Frameworks";
				PRODUCT_BUNDLE_IDENTIFIER = psg.xyz.abc.SwiftTemplate;
				PRODUCT_NAME = "$(TARGET_NAME)";
				SWIFT_VERSION = 3.0;
			};
			name = Release;
		};
/* End XCBuildConfiguration section */

/* Begin XCConfigurationList section */
		4C4B1E7B1F2461170080FDF3 /* Build configuration list for PBXProject "SwiftTemplate" */ = {
			isa = XCConfigurationList;
			buildConfigurations = (
				4C4B1E901F2461170080FDF3 /* Debug */,
				4C4B1E911F2461170080FDF3 /* Release */,
			);
			defaultConfigurationIsVisible = 0;
			defaultConfigurationName = Release;
		};
		4C4B1E921F2461170080FDF3 /* Build configuration list for PBXNativeTarget "SwiftTemplate" */ = {
			isa = XCConfigurationList;
			buildConfigurations = (
				4C4B1E931F2461170080FDF3 /* Debug */,
				4C4B1E941F2461170080FDF3 /* Release */,
			);
			defaultConfigurationIsVisible = 0;
			defaultConfigurationName = Release;
		};
/* End XCConfigurationList section */
	};
	rootObject = 4C4B1E781F2461170080FDF3 /* Project object */;
}
